# This file is automatically @generated by Cargo.
# It is not intended for manual editing.
version = 4

[[package]]
name = "bhaskix-abi"
version = "0.0.0"

[[package]]
name = "bhaskix-service"
version = "0.0.0"
dependencies = [
 "bhaskix-abi",
]

[[package]]
name = "bhaskix-service-domain"
version = "0.0.0"
dependencies = [
 "bhaskix-abi",
 "bhaskix-service",
]

[[package]]
name = "bhaskix-service-vfs"
version = "0.0.0"
dependencies = [
 "bhaskix-abi",
 "bhaskix-service",
 "bhaskix-ustar",
]

[[package]]
name = "bhaskix-user-vfsd"
version = "0.0.0"
dependencies = [
 "bhaskix-abi",
 "bhaskix-service",
 "bhaskix-service-domain",
 "bhaskix-service-vfs",
]

[[package]]
name = "bhaskix-ustar"
version = "0.0.0"
