# This file is automatically @generated by Cargo.
# It is not intended for manual editing.
version = 4

[[package]]
name = "bhaskix-abi"
version = "0.0.0"

[[package]]
name = "bhaskix-telemetry"
version = "0.0.0"

[[package]]
name = "bhaskix-user-traced"
version = "0.0.0"
dependencies = [
 "bhaskix-abi",
 "bhaskix-telemetry",
]
