# This file is automatically @generated by Cargo.
# It is not intended for manual editing.
version = 4

[[package]]
name = "bhaskix-abi"
version = "0.0.0"

[[package]]
name = "bhaskix-device"
version = "0.0.0"

[[package]]
name = "bhaskix-user-blkd"
version = "0.0.0"
dependencies = [
 "bhaskix-abi",
 "bhaskix-device",
]
