# This file is automatically @generated by Cargo.
# It is not intended for manual editing.
version = 4

[[package]]
name = "bhaskix-arch-x86-64"
version = "0.0.0"

[[package]]
name = "bhaskix-boot"
version = "0.0.0"

[[package]]
name = "bhaskix-boot-shim"
version = "0.0.0"
dependencies = [
 "bhaskix-arch-x86-64",
 "bhaskix-boot",
 "bhaskix-kernel",
]

[[package]]
name = "bhaskix-kernel"
version = "0.0.0"
dependencies = [
 "bhaskix-arch-x86-64",
 "bhaskix-boot",
 "bhaskix-mm",
]

[[package]]
name = "bhaskix-mm"
version = "0.0.0"
dependencies = [
 "bhaskix-boot",
]
