# This file is automatically @generated by Cargo.
# It is not intended for manual editing.
version = 4

[[package]]
name = "bhaskix-abi"
version = "0.0.0"

[[package]]
name = "bhaskix-arch-x86-64"
version = "0.0.0"
dependencies = [
 "bhaskix-rand",
]

[[package]]
name = "bhaskix-boot"
version = "0.0.0"

[[package]]
name = "bhaskix-boot-shim"
version = "0.0.0"
dependencies = [
 "bhaskix-arch-x86-64",
 "bhaskix-boot",
 "bhaskix-kernel",
]

[[package]]
name = "bhaskix-device"
version = "0.0.0"

[[package]]
name = "bhaskix-fs"
version = "0.0.0"

[[package]]
name = "bhaskix-kernel"
version = "0.0.0"
dependencies = [
 "bhaskix-abi",
 "bhaskix-arch-x86-64",
 "bhaskix-boot",
 "bhaskix-device",
 "bhaskix-fs",
 "bhaskix-mm",
 "bhaskix-rand",
 "bhaskix-service",
 "bhaskix-service-console",
 "bhaskix-service-vfs",
 "bhaskix-telemetry",
]

[[package]]
name = "bhaskix-mm"
version = "0.0.0"
dependencies = [
 "bhaskix-boot",
]

[[package]]
name = "bhaskix-net"
version = "0.0.0"

[[package]]
name = "bhaskix-rand"
version = "0.0.0"

[[package]]
name = "bhaskix-service"
version = "0.0.0"
dependencies = [
 "bhaskix-abi",
]

[[package]]
name = "bhaskix-service-console"
version = "0.0.0"
dependencies = [
 "bhaskix-abi",
 "bhaskix-service",
]

[[package]]
name = "bhaskix-service-domain"
version = "0.0.0"
dependencies = [
 "bhaskix-abi",
 "bhaskix-service",
]

[[package]]
name = "bhaskix-service-vfs"
version = "0.0.0"
dependencies = [
 "bhaskix-abi",
 "bhaskix-service",
]

[[package]]
name = "bhaskix-sock"
version = "0.0.0"
dependencies = [
 "bhaskix-abi",
]

[[package]]
name = "bhaskix-telemetry"
version = "0.0.0"
