# This file is automatically @generated by Cargo.
# It is not intended for manual editing.
version = 4

[[package]]
name = "bhaskix-boot"
version = "0.0.0"

[[package]]
name = "bhaskix-elf"
version = "0.0.0"

[[package]]
name = "bhaskixboot"
version = "0.0.0"
dependencies = [
 "bhaskix-boot",
 "bhaskix-elf",
]
