# This file is automatically @generated by Cargo.
# It is not intended for manual editing.
version = 4

[[package]]
name = "bhaskix-abi"
version = "0.0.0"

[[package]]
name = "bhaskix-sock"
version = "0.0.0"
dependencies = [
 "bhaskix-abi",
]

[[package]]
name = "bhaskix-user-udp6"
version = "0.0.0"
dependencies = [
 "bhaskix-abi",
 "bhaskix-sock",
]
