# This file is automatically @generated by Cargo.
# It is not intended for manual editing.
version = 4

[[package]]
name = "bhaskix-abi"
version = "0.0.0"

[[package]]
name = "bhaskix-service"
version = "0.0.0"
dependencies = [
 "bhaskix-abi",
]

[[package]]
name = "bhaskix-service-console"
version = "0.0.0"
dependencies = [
 "bhaskix-abi",
 "bhaskix-service",
]

[[package]]
name = "bhaskix-service-domain"
version = "0.0.0"
dependencies = [
 "bhaskix-abi",
 "bhaskix-service",
]

[[package]]
name = "bhaskix-user-consoled"
version = "0.0.0"
dependencies = [
 "bhaskix-abi",
 "bhaskix-service",
 "bhaskix-service-console",
 "bhaskix-service-domain",
]
